
Microsoft Visual Studio Solution File, Format Version 12.00
# Visual Studio Version 17
VisualStudioVersion = 17.9.34714.143
MinimumVisualStudioVersion = 10.0.40219.1
Project("{2150E333-8FDC-42A3-9474-1A3956D46DE8}") = "Services", "Services", "{C09A9C07-E727-4DBF-9BFF-B47B256C6CB6}"
EndProject
Project("{2150E333-8FDC-42A3-9474-1A3956D46DE8}") = "Catalog", "Catalog", "{34B089A9-4B7B-4B62-92D7-6386C6B081B0}"
EndProject
Project("{FAE04EC0-301F-11D3-BF4B-00C04F79EFBC}") = "Catalog.API", "Services\Catalog\Catalog.API\Catalog.API.csproj", "{9CD69CFB-3DBA-4EB6-A0A6-D25355EC22C3}"
EndProject
Global
	GlobalSection(SolutionConfigurationPlatforms) = preSolution
		Debug|Any CPU = Debug|Any CPU
		Release|Any CPU = Release|Any CPU
	EndGlobalSection
	GlobalSection(ProjectConfigurationPlatforms) = postSolution
		{9CD69CFB-3DBA-4EB6-A0A6-D25355EC22C3}.Debug|Any CPU.ActiveCfg = Debug|Any CPU
		{9CD69CFB-3DBA-4EB6-A0A6-D25355EC22C3}.Debug|Any CPU.Build.0 = Debug|Any CPU
		{9CD69CFB-3DBA-4EB6-A0A6-D25355EC22C3}.Release|Any CPU.ActiveCfg = Release|Any CPU
		{9CD69CFB-3DBA-4EB6-A0A6-D25355EC22C3}.Release|Any CPU.Build.0 = Release|Any CPU
	EndGlobalSection
	GlobalSection(SolutionProperties) = preSolution
		HideSolutionNode = FALSE
	EndGlobalSection
	GlobalSection(NestedProjects) = preSolution
		{34B089A9-4B7B-4B62-92D7-6386C6B081B0} = {C09A9C07-E727-4DBF-9BFF-B47B256C6CB6}
		{9CD69CFB-3DBA-4EB6-A0A6-D25355EC22C3} = {34B089A9-4B7B-4B62-92D7-6386C6B081B0}
	EndGlobalSection
	GlobalSection(ExtensibilityGlobals) = postSolution
		SolutionGuid = {C0C9667E-683D-47F4-9F36-70B895E9F9FE}
	EndGlobalSection
EndGlobal
