
Microsoft Visual Studio Solution File, Format Version 12.00
# Visual Studio Version 17
VisualStudioVersion = 17.9.34714.143
MinimumVisualStudioVersion = 10.0.40219.1
Project("{2150E333-8FDC-42A3-9474-1A3956D46DE8}") = "Services", "Services", "{C09A9C07-E727-4DBF-9BFF-B47B256C6CB6}"
EndProject
Project("{2150E333-8FDC-42A3-9474-1A3956D46DE8}") = "Catalog", "Catalog", "{34B089A9-4B7B-4B62-92D7-6386C6B081B0}"
EndProject
Project("{9A19103F-16F7-4668-BE54-9A1E7A4F7556}") = "Catalog.API", "Services\Catalog\Catalog.API\Catalog.API.csproj", "{9CD69CFB-3DBA-4EB6-A0A6-D25355EC22C3}"
EndProject
Project("{2150E333-8FDC-42A3-9474-1A3956D46DE8}") = "BuildingBlocks", "BuildingBlocks", "{F14AAE85-241F-4790-8E20-CA52E3310E22}"
EndProject
Project("{9A19103F-16F7-4668-BE54-9A1E7A4F7556}") = "BuildingBlocks", "BuildingBlocks\BuildingBlocks\BuildingBlocks.csproj", "{3DFF1926-3DD0-46B4-AAAB-663752036C38}"
EndProject
Project("{E53339B2-1760-4266-BCC7-CA923CBCF16C}") = "docker-compose", "docker-compose.dcproj", "{6DA6C53B-3EB6-4BC3-AC4D-26F1DFF4C408}"
EndProject
Project("{2150E333-8FDC-42A3-9474-1A3956D46DE8}") = "Basket", "Basket", "{9F0AA2DE-202B-41FD-993D-EB857C13C7AC}"
EndProject
Project("{9A19103F-16F7-4668-BE54-9A1E7A4F7556}") = "Basket.API", "Services\Basket\Basket.API\Basket.API.csproj", "{2B7165BE-4E37-4E75-8AE8-328B6EC207C4}"
EndProject
Project("{2150E333-8FDC-42A3-9474-1A3956D46DE8}") = "Discount", "Discount", "{7FC15921-5A41-46E0-A5DB-8319EBC5905D}"
EndProject
Project("{9A19103F-16F7-4668-BE54-9A1E7A4F7556}") = "Discount.Grpc", "Services\Discount\Discount.Grcp\Discount.Grpc.csproj", "{53DA0BE2-0ED0-4BB5-AF3F-89997B8CD5D7}"
EndProject
Project("{2150E333-8FDC-42A3-9474-1A3956D46DE8}") = "Ordering", "Ordering", "{C880805C-20C3-41F3-9DAA-F0277CBBBEC0}"
EndProject
Project("{9A19103F-16F7-4668-BE54-9A1E7A4F7556}") = "Ordering.API", "Services\Ordering\Ordering.API\Ordering.API.csproj", "{D6ABE1DE-F2CD-40C0-A899-B7AC4B0D6382}"
EndProject
Project("{FAE04EC0-301F-11D3-BF4B-00C04F79EFBC}") = "Ordering.Domain", "Services\Ordering\Ordering.Domain\Ordering.Domain.csproj", "{B5BE44AA-EDAA-4E46-B9E6-D86DD55A7060}"
EndProject
Project("{FAE04EC0-301F-11D3-BF4B-00C04F79EFBC}") = "Ordering.Application", "Services\Ordering\Ordering.Application\Ordering.Application.csproj", "{C1D5CF54-94EA-47A7-87FF-125D6EF52003}"
EndProject
Project("{FAE04EC0-301F-11D3-BF4B-00C04F79EFBC}") = "Ordering.Infraestructure", "Services\Ordering\Ordering.Infraestructure\Ordering.Infraestructure.csproj", "{B02F89A8-946F-493F-87B5-4DD6A08424DD}"
EndProject
Global
	GlobalSection(SolutionConfigurationPlatforms) = preSolution
		Debug|Any CPU = Debug|Any CPU
		Release|Any CPU = Release|Any CPU
	EndGlobalSection
	GlobalSection(ProjectConfigurationPlatforms) = postSolution
		{9CD69CFB-3DBA-4EB6-A0A6-D25355EC22C3}.Debug|Any CPU.ActiveCfg = Debug|Any CPU
		{9CD69CFB-3DBA-4EB6-A0A6-D25355EC22C3}.Debug|Any CPU.Build.0 = Debug|Any CPU
		{9CD69CFB-3DBA-4EB6-A0A6-D25355EC22C3}.Release|Any CPU.ActiveCfg = Release|Any CPU
		{9CD69CFB-3DBA-4EB6-A0A6-D25355EC22C3}.Release|Any CPU.Build.0 = Release|Any CPU
		{3DFF1926-3DD0-46B4-AAAB-663752036C38}.Debug|Any CPU.ActiveCfg = Debug|Any CPU
		{3DFF1926-3DD0-46B4-AAAB-663752036C38}.Debug|Any CPU.Build.0 = Debug|Any CPU
		{3DFF1926-3DD0-46B4-AAAB-663752036C38}.Release|Any CPU.ActiveCfg = Release|Any CPU
		{3DFF1926-3DD0-46B4-AAAB-663752036C38}.Release|Any CPU.Build.0 = Release|Any CPU
		{6DA6C53B-3EB6-4BC3-AC4D-26F1DFF4C408}.Debug|Any CPU.ActiveCfg = Debug|Any CPU
		{6DA6C53B-3EB6-4BC3-AC4D-26F1DFF4C408}.Debug|Any CPU.Build.0 = Debug|Any CPU
		{6DA6C53B-3EB6-4BC3-AC4D-26F1DFF4C408}.Release|Any CPU.ActiveCfg = Release|Any CPU
		{6DA6C53B-3EB6-4BC3-AC4D-26F1DFF4C408}.Release|Any CPU.Build.0 = Release|Any CPU
		{2B7165BE-4E37-4E75-8AE8-328B6EC207C4}.Debug|Any CPU.ActiveCfg = Debug|Any CPU
		{2B7165BE-4E37-4E75-8AE8-328B6EC207C4}.Debug|Any CPU.Build.0 = Debug|Any CPU
		{2B7165BE-4E37-4E75-8AE8-328B6EC207C4}.Release|Any CPU.ActiveCfg = Release|Any CPU
		{2B7165BE-4E37-4E75-8AE8-328B6EC207C4}.Release|Any CPU.Build.0 = Release|Any CPU
		{53DA0BE2-0ED0-4BB5-AF3F-89997B8CD5D7}.Debug|Any CPU.ActiveCfg = Debug|Any CPU
		{53DA0BE2-0ED0-4BB5-AF3F-89997B8CD5D7}.Debug|Any CPU.Build.0 = Debug|Any CPU
		{53DA0BE2-0ED0-4BB5-AF3F-89997B8CD5D7}.Release|Any CPU.ActiveCfg = Release|Any CPU
		{53DA0BE2-0ED0-4BB5-AF3F-89997B8CD5D7}.Release|Any CPU.Build.0 = Release|Any CPU
		{D6ABE1DE-F2CD-40C0-A899-B7AC4B0D6382}.Debug|Any CPU.ActiveCfg = Debug|Any CPU
		{D6ABE1DE-F2CD-40C0-A899-B7AC4B0D6382}.Debug|Any CPU.Build.0 = Debug|Any CPU
		{D6ABE1DE-F2CD-40C0-A899-B7AC4B0D6382}.Release|Any CPU.ActiveCfg = Release|Any CPU
		{D6ABE1DE-F2CD-40C0-A899-B7AC4B0D6382}.Release|Any CPU.Build.0 = Release|Any CPU
		{B5BE44AA-EDAA-4E46-B9E6-D86DD55A7060}.Debug|Any CPU.ActiveCfg = Debug|Any CPU
		{B5BE44AA-EDAA-4E46-B9E6-D86DD55A7060}.Debug|Any CPU.Build.0 = Debug|Any CPU
		{B5BE44AA-EDAA-4E46-B9E6-D86DD55A7060}.Release|Any CPU.ActiveCfg = Release|Any CPU
		{B5BE44AA-EDAA-4E46-B9E6-D86DD55A7060}.Release|Any CPU.Build.0 = Release|Any CPU
		{C1D5CF54-94EA-47A7-87FF-125D6EF52003}.Debug|Any CPU.ActiveCfg = Debug|Any CPU
		{C1D5CF54-94EA-47A7-87FF-125D6EF52003}.Debug|Any CPU.Build.0 = Debug|Any CPU
		{C1D5CF54-94EA-47A7-87FF-125D6EF52003}.Release|Any CPU.ActiveCfg = Release|Any CPU
		{C1D5CF54-94EA-47A7-87FF-125D6EF52003}.Release|Any CPU.Build.0 = Release|Any CPU
		{B02F89A8-946F-493F-87B5-4DD6A08424DD}.Debug|Any CPU.ActiveCfg = Debug|Any CPU
		{B02F89A8-946F-493F-87B5-4DD6A08424DD}.Debug|Any CPU.Build.0 = Debug|Any CPU
		{B02F89A8-946F-493F-87B5-4DD6A08424DD}.Release|Any CPU.ActiveCfg = Release|Any CPU
		{B02F89A8-946F-493F-87B5-4DD6A08424DD}.Release|Any CPU.Build.0 = Release|Any CPU
	EndGlobalSection
	GlobalSection(SolutionProperties) = preSolution
		HideSolutionNode = FALSE
	EndGlobalSection
	GlobalSection(NestedProjects) = preSolution
		{34B089A9-4B7B-4B62-92D7-6386C6B081B0} = {C09A9C07-E727-4DBF-9BFF-B47B256C6CB6}
		{9CD69CFB-3DBA-4EB6-A0A6-D25355EC22C3} = {34B089A9-4B7B-4B62-92D7-6386C6B081B0}
		{3DFF1926-3DD0-46B4-AAAB-663752036C38} = {F14AAE85-241F-4790-8E20-CA52E3310E22}
		{9F0AA2DE-202B-41FD-993D-EB857C13C7AC} = {C09A9C07-E727-4DBF-9BFF-B47B256C6CB6}
		{2B7165BE-4E37-4E75-8AE8-328B6EC207C4} = {9F0AA2DE-202B-41FD-993D-EB857C13C7AC}
		{7FC15921-5A41-46E0-A5DB-8319EBC5905D} = {C09A9C07-E727-4DBF-9BFF-B47B256C6CB6}
		{53DA0BE2-0ED0-4BB5-AF3F-89997B8CD5D7} = {7FC15921-5A41-46E0-A5DB-8319EBC5905D}
		{C880805C-20C3-41F3-9DAA-F0277CBBBEC0} = {C09A9C07-E727-4DBF-9BFF-B47B256C6CB6}
		{D6ABE1DE-F2CD-40C0-A899-B7AC4B0D6382} = {C880805C-20C3-41F3-9DAA-F0277CBBBEC0}
		{B5BE44AA-EDAA-4E46-B9E6-D86DD55A7060} = {C880805C-20C3-41F3-9DAA-F0277CBBBEC0}
		{C1D5CF54-94EA-47A7-87FF-125D6EF52003} = {C880805C-20C3-41F3-9DAA-F0277CBBBEC0}
		{B02F89A8-946F-493F-87B5-4DD6A08424DD} = {C880805C-20C3-41F3-9DAA-F0277CBBBEC0}
	EndGlobalSection
	GlobalSection(ExtensibilityGlobals) = postSolution
		SolutionGuid = {C0C9667E-683D-47F4-9F36-70B895E9F9FE}
	EndGlobalSection
EndGlobal
